--- 
dependencies: 
- sinatra: ">= 0"
- haml: ">= 0"
- errand: ">= 0"
- yajl-ruby: ">= 0"
specs: 
- yajl-ruby: 
    version: 0.7.0
- rack: 
    version: 1.1.0
- sinatra: 
    version: 0.9.4
- haml: 
    version: 2.2.19
- errand: 
    version: 0.7.0
hash: 84bf5ab433a601c5850b22fe6bd2ed0312657016
sources: 
- Rubygems: 
    uri: http://gemcutter.org
